
Microsoft Visual Studio Solution File, Format Version 12.00
# Visual Studio Version 16
VisualStudioVersion = 16.0.30503.244
MinimumVisualStudioVersion = 10.0.40219.1
Project("{FAE04EC0-301F-11D3-BF4B-00C04F79EFBC}") = "05_EntradaDados", "05_EntradaDados\05_EntradaDados.csproj", "{B4491EB3-81A6-490A-8F5E-9BC9A7C2E5EC}"
EndProject
Global
	GlobalSection(SolutionConfigurationPlatforms) = preSolution
		Debug|Any CPU = Debug|Any CPU
		Release|Any CPU = Release|Any CPU
	EndGlobalSection
	GlobalSection(ProjectConfigurationPlatforms) = postSolution
		{B4491EB3-81A6-490A-8F5E-9BC9A7C2E5EC}.Debug|Any CPU.ActiveCfg = Debug|Any CPU
		{B4491EB3-81A6-490A-8F5E-9BC9A7C2E5EC}.Debug|Any CPU.Build.0 = Debug|Any CPU
		{B4491EB3-81A6-490A-8F5E-9BC9A7C2E5EC}.Release|Any CPU.ActiveCfg = Release|Any CPU
		{B4491EB3-81A6-490A-8F5E-9BC9A7C2E5EC}.Release|Any CPU.Build.0 = Release|Any CPU
	EndGlobalSection
	GlobalSection(SolutionProperties) = preSolution
		HideSolutionNode = FALSE
	EndGlobalSection
	GlobalSection(ExtensibilityGlobals) = postSolution
		SolutionGuid = {6271DDF2-5B82-41C9-8266-8881DBB696BE}
	EndGlobalSection
EndGlobal
