
Microsoft Visual Studio Solution File, Format Version 12.00
# Visual Studio Version 16
VisualStudioVersion = 16.0.30503.244
MinimumVisualStudioVersion = 10.0.40219.1
Project("{FAE04EC0-301F-11D3-BF4B-00C04F79EFBC}") = "Para01", "Para01\Para01.csproj", "{2373A716-E789-4378-B8BE-68EDEEA84682}"
EndProject
Global
	GlobalSection(SolutionConfigurationPlatforms) = preSolution
		Debug|Any CPU = Debug|Any CPU
		Release|Any CPU = Release|Any CPU
	EndGlobalSection
	GlobalSection(ProjectConfigurationPlatforms) = postSolution
		{2373A716-E789-4378-B8BE-68EDEEA84682}.Debug|Any CPU.ActiveCfg = Debug|Any CPU
		{2373A716-E789-4378-B8BE-68EDEEA84682}.Debug|Any CPU.Build.0 = Debug|Any CPU
		{2373A716-E789-4378-B8BE-68EDEEA84682}.Release|Any CPU.ActiveCfg = Release|Any CPU
		{2373A716-E789-4378-B8BE-68EDEEA84682}.Release|Any CPU.Build.0 = Release|Any CPU
	EndGlobalSection
	GlobalSection(SolutionProperties) = preSolution
		HideSolutionNode = FALSE
	EndGlobalSection
	GlobalSection(ExtensibilityGlobals) = postSolution
		SolutionGuid = {072ED420-8236-4661-B8DC-9CB4B7375851}
	EndGlobalSection
EndGlobal
