
Microsoft Visual Studio Solution File, Format Version 12.00
# Visual Studio Version 16
VisualStudioVersion = 16.0.30503.244
MinimumVisualStudioVersion = 10.0.40219.1
Project("{FAE04EC0-301F-11D3-BF4B-00C04F79EFBC}") = "Triangulo_OO", "Triangulo_OO\Triangulo_OO.csproj", "{7DA5F804-6F1A-4785-A23E-9D3A4EFFC43D}"
EndProject
Global
	GlobalSection(SolutionConfigurationPlatforms) = preSolution
		Debug|Any CPU = Debug|Any CPU
		Release|Any CPU = Release|Any CPU
	EndGlobalSection
	GlobalSection(ProjectConfigurationPlatforms) = postSolution
		{7DA5F804-6F1A-4785-A23E-9D3A4EFFC43D}.Debug|Any CPU.ActiveCfg = Debug|Any CPU
		{7DA5F804-6F1A-4785-A23E-9D3A4EFFC43D}.Debug|Any CPU.Build.0 = Debug|Any CPU
		{7DA5F804-6F1A-4785-A23E-9D3A4EFFC43D}.Release|Any CPU.ActiveCfg = Release|Any CPU
		{7DA5F804-6F1A-4785-A23E-9D3A4EFFC43D}.Release|Any CPU.Build.0 = Release|Any CPU
	EndGlobalSection
	GlobalSection(SolutionProperties) = preSolution
		HideSolutionNode = FALSE
	EndGlobalSection
	GlobalSection(ExtensibilityGlobals) = postSolution
		SolutionGuid = {4234B79F-5181-4765-8AC4-AF7C9F97AA50}
	EndGlobalSection
EndGlobal
