
Microsoft Visual Studio Solution File, Format Version 12.00
# Visual Studio Version 16
VisualStudioVersion = 16.0.30717.126
MinimumVisualStudioVersion = 10.0.40219.1
Project("{FAE04EC0-301F-11D3-BF4B-00C04F79EFBC}") = "UpcastingDowncasting", "UpcastingDowncasting\UpcastingDowncasting.csproj", "{C3C693E2-C46B-4AA7-B6CE-21B5F9D21540}"
EndProject
Global
	GlobalSection(SolutionConfigurationPlatforms) = preSolution
		Debug|Any CPU = Debug|Any CPU
		Release|Any CPU = Release|Any CPU
	EndGlobalSection
	GlobalSection(ProjectConfigurationPlatforms) = postSolution
		{C3C693E2-C46B-4AA7-B6CE-21B5F9D21540}.Debug|Any CPU.ActiveCfg = Debug|Any CPU
		{C3C693E2-C46B-4AA7-B6CE-21B5F9D21540}.Debug|Any CPU.Build.0 = Debug|Any CPU
		{C3C693E2-C46B-4AA7-B6CE-21B5F9D21540}.Release|Any CPU.ActiveCfg = Release|Any CPU
		{C3C693E2-C46B-4AA7-B6CE-21B5F9D21540}.Release|Any CPU.Build.0 = Release|Any CPU
	EndGlobalSection
	GlobalSection(SolutionProperties) = preSolution
		HideSolutionNode = FALSE
	EndGlobalSection
	GlobalSection(ExtensibilityGlobals) = postSolution
		SolutionGuid = {6A515B02-3021-4841-9C62-0E40F61C8A95}
	EndGlobalSection
EndGlobal
