
Microsoft Visual Studio Solution File, Format Version 12.00
# Visual Studio Version 16
VisualStudioVersion = 16.0.30503.244
MinimumVisualStudioVersion = 10.0.40219.1
Project("{FAE04EC0-301F-11D3-BF4B-00C04F79EFBC}") = "Propeties_Aula", "Propeties_Aula\Propeties_Aula.csproj", "{4A524C38-14C1-4101-AC88-47D6A57B434D}"
EndProject
Global
	GlobalSection(SolutionConfigurationPlatforms) = preSolution
		Debug|Any CPU = Debug|Any CPU
		Release|Any CPU = Release|Any CPU
	EndGlobalSection
	GlobalSection(ProjectConfigurationPlatforms) = postSolution
		{4A524C38-14C1-4101-AC88-47D6A57B434D}.Debug|Any CPU.ActiveCfg = Debug|Any CPU
		{4A524C38-14C1-4101-AC88-47D6A57B434D}.Debug|Any CPU.Build.0 = Debug|Any CPU
		{4A524C38-14C1-4101-AC88-47D6A57B434D}.Release|Any CPU.ActiveCfg = Release|Any CPU
		{4A524C38-14C1-4101-AC88-47D6A57B434D}.Release|Any CPU.Build.0 = Release|Any CPU
	EndGlobalSection
	GlobalSection(SolutionProperties) = preSolution
		HideSolutionNode = FALSE
	EndGlobalSection
	GlobalSection(ExtensibilityGlobals) = postSolution
		SolutionGuid = {38E5C2FF-6900-465D-ADF6-1FDCA8F90D84}
	EndGlobalSection
EndGlobal
