
Microsoft Visual Studio Solution File, Format Version 12.00
# Visual Studio Version 16
VisualStudioVersion = 16.0.30503.244
MinimumVisualStudioVersion = 10.0.40219.1
Project("{FAE04EC0-301F-11D3-BF4B-00C04F79EFBC}") = "ListaVetores", "ListaVetores\ListaVetores.csproj", "{9217C395-5473-4687-AC89-C9B8BC5D766D}"
EndProject
Global
	GlobalSection(SolutionConfigurationPlatforms) = preSolution
		Debug|Any CPU = Debug|Any CPU
		Release|Any CPU = Release|Any CPU
	EndGlobalSection
	GlobalSection(ProjectConfigurationPlatforms) = postSolution
		{9217C395-5473-4687-AC89-C9B8BC5D766D}.Debug|Any CPU.ActiveCfg = Debug|Any CPU
		{9217C395-5473-4687-AC89-C9B8BC5D766D}.Debug|Any CPU.Build.0 = Debug|Any CPU
		{9217C395-5473-4687-AC89-C9B8BC5D766D}.Release|Any CPU.ActiveCfg = Release|Any CPU
		{9217C395-5473-4687-AC89-C9B8BC5D766D}.Release|Any CPU.Build.0 = Release|Any CPU
	EndGlobalSection
	GlobalSection(SolutionProperties) = preSolution
		HideSolutionNode = FALSE
	EndGlobalSection
	GlobalSection(ExtensibilityGlobals) = postSolution
		SolutionGuid = {6C5A545A-E6AB-47AB-8626-1A52326B4911}
	EndGlobalSection
EndGlobal
