
Microsoft Visual Studio Solution File, Format Version 12.00
# Visual Studio Version 16
VisualStudioVersion = 16.0.30503.244
MinimumVisualStudioVersion = 10.0.40219.1
Project("{FAE04EC0-301F-11D3-BF4B-00C04F79EFBC}") = "Lista", "Lista\Lista.csproj", "{D054CCD5-E0EA-483E-BAF1-660AF02AA91D}"
EndProject
Global
	GlobalSection(SolutionConfigurationPlatforms) = preSolution
		Debug|Any CPU = Debug|Any CPU
		Release|Any CPU = Release|Any CPU
	EndGlobalSection
	GlobalSection(ProjectConfigurationPlatforms) = postSolution
		{D054CCD5-E0EA-483E-BAF1-660AF02AA91D}.Debug|Any CPU.ActiveCfg = Debug|Any CPU
		{D054CCD5-E0EA-483E-BAF1-660AF02AA91D}.Debug|Any CPU.Build.0 = Debug|Any CPU
		{D054CCD5-E0EA-483E-BAF1-660AF02AA91D}.Release|Any CPU.ActiveCfg = Release|Any CPU
		{D054CCD5-E0EA-483E-BAF1-660AF02AA91D}.Release|Any CPU.Build.0 = Release|Any CPU
	EndGlobalSection
	GlobalSection(SolutionProperties) = preSolution
		HideSolutionNode = FALSE
	EndGlobalSection
	GlobalSection(ExtensibilityGlobals) = postSolution
		SolutionGuid = {5260B8FB-5D9B-46B6-9313-1FD13A562D58}
	EndGlobalSection
EndGlobal
