
Microsoft Visual Studio Solution File, Format Version 12.00
# Visual Studio Version 16
VisualStudioVersion = 16.0.30503.244
MinimumVisualStudioVersion = 10.0.40219.1
Project("{FAE04EC0-301F-11D3-BF4B-00C04F79EFBC}") = "Esfera_esfera_Parte1", "Esfera_esfera_Parte1\Esfera_esfera_Parte1.csproj", "{776569C6-DF6F-4B02-99DB-59174B276DDD}"
EndProject
Global
	GlobalSection(SolutionConfigurationPlatforms) = preSolution
		Debug|Any CPU = Debug|Any CPU
		Release|Any CPU = Release|Any CPU
	EndGlobalSection
	GlobalSection(ProjectConfigurationPlatforms) = postSolution
		{776569C6-DF6F-4B02-99DB-59174B276DDD}.Debug|Any CPU.ActiveCfg = Debug|Any CPU
		{776569C6-DF6F-4B02-99DB-59174B276DDD}.Debug|Any CPU.Build.0 = Debug|Any CPU
		{776569C6-DF6F-4B02-99DB-59174B276DDD}.Release|Any CPU.ActiveCfg = Release|Any CPU
		{776569C6-DF6F-4B02-99DB-59174B276DDD}.Release|Any CPU.Build.0 = Release|Any CPU
	EndGlobalSection
	GlobalSection(SolutionProperties) = preSolution
		HideSolutionNode = FALSE
	EndGlobalSection
	GlobalSection(ExtensibilityGlobals) = postSolution
		SolutionGuid = {372F8502-41EE-48C9-9DFC-744022805A61}
	EndGlobalSection
EndGlobal
