
Microsoft Visual Studio Solution File, Format Version 12.00
# Visual Studio Version 16
VisualStudioVersion = 16.0.30503.244
MinimumVisualStudioVersion = 10.0.40219.1
Project("{FAE04EC0-301F-11D3-BF4B-00C04F79EFBC}") = "AULA_03_VariaveisSaidas", "AULA_03_VariaveisSaidas\AULA_03_VariaveisSaidas.csproj", "{28A7323D-7DC2-436A-810E-E4B795B88B90}"
EndProject
Global
	GlobalSection(SolutionConfigurationPlatforms) = preSolution
		Debug|Any CPU = Debug|Any CPU
		Release|Any CPU = Release|Any CPU
	EndGlobalSection
	GlobalSection(ProjectConfigurationPlatforms) = postSolution
		{28A7323D-7DC2-436A-810E-E4B795B88B90}.Debug|Any CPU.ActiveCfg = Debug|Any CPU
		{28A7323D-7DC2-436A-810E-E4B795B88B90}.Debug|Any CPU.Build.0 = Debug|Any CPU
		{28A7323D-7DC2-436A-810E-E4B795B88B90}.Release|Any CPU.ActiveCfg = Release|Any CPU
		{28A7323D-7DC2-436A-810E-E4B795B88B90}.Release|Any CPU.Build.0 = Release|Any CPU
	EndGlobalSection
	GlobalSection(SolutionProperties) = preSolution
		HideSolutionNode = FALSE
	EndGlobalSection
	GlobalSection(ExtensibilityGlobals) = postSolution
		SolutionGuid = {56FCBB2A-8509-43F9-9151-5A20F974233D}
	EndGlobalSection
EndGlobal
