
Microsoft Visual Studio Solution File, Format Version 12.00
# Visual Studio Version 16
VisualStudioVersion = 16.0.30717.126
MinimumVisualStudioVersion = 10.0.40219.1
Project("{FAE04EC0-301F-11D3-BF4B-00C04F79EFBC}") = "ListasAula", "ListasAula\ListasAula.csproj", "{8FB9CFED-8BD5-4B5A-9A85-79E4342F4D99}"
EndProject
Global
	GlobalSection(SolutionConfigurationPlatforms) = preSolution
		Debug|Any CPU = Debug|Any CPU
		Release|Any CPU = Release|Any CPU
	EndGlobalSection
	GlobalSection(ProjectConfigurationPlatforms) = postSolution
		{8FB9CFED-8BD5-4B5A-9A85-79E4342F4D99}.Debug|Any CPU.ActiveCfg = Debug|Any CPU
		{8FB9CFED-8BD5-4B5A-9A85-79E4342F4D99}.Debug|Any CPU.Build.0 = Debug|Any CPU
		{8FB9CFED-8BD5-4B5A-9A85-79E4342F4D99}.Release|Any CPU.ActiveCfg = Release|Any CPU
		{8FB9CFED-8BD5-4B5A-9A85-79E4342F4D99}.Release|Any CPU.Build.0 = Release|Any CPU
	EndGlobalSection
	GlobalSection(SolutionProperties) = preSolution
		HideSolutionNode = FALSE
	EndGlobalSection
	GlobalSection(ExtensibilityGlobals) = postSolution
		SolutionGuid = {A6982C8C-B827-42DB-A8EE-492840B8F2B6}
	EndGlobalSection
EndGlobal
