
Microsoft Visual Studio Solution File, Format Version 12.00
# Visual Studio Version 16
VisualStudioVersion = 16.0.30717.126
MinimumVisualStudioVersion = 10.0.40219.1
Project("{FAE04EC0-301F-11D3-BF4B-00C04F79EFBC}") = "Lista2", "Lista2\Lista2.csproj", "{B2BA9F29-E9A3-4181-BE66-55F928EED507}"
EndProject
Global
	GlobalSection(SolutionConfigurationPlatforms) = preSolution
		Debug|Any CPU = Debug|Any CPU
		Release|Any CPU = Release|Any CPU
	EndGlobalSection
	GlobalSection(ProjectConfigurationPlatforms) = postSolution
		{B2BA9F29-E9A3-4181-BE66-55F928EED507}.Debug|Any CPU.ActiveCfg = Debug|Any CPU
		{B2BA9F29-E9A3-4181-BE66-55F928EED507}.Debug|Any CPU.Build.0 = Debug|Any CPU
		{B2BA9F29-E9A3-4181-BE66-55F928EED507}.Release|Any CPU.ActiveCfg = Release|Any CPU
		{B2BA9F29-E9A3-4181-BE66-55F928EED507}.Release|Any CPU.Build.0 = Release|Any CPU
	EndGlobalSection
	GlobalSection(SolutionProperties) = preSolution
		HideSolutionNode = FALSE
	EndGlobalSection
	GlobalSection(ExtensibilityGlobals) = postSolution
		SolutionGuid = {41C5BC37-1189-4616-A229-0996CB5C37BE}
	EndGlobalSection
EndGlobal
