
Microsoft Visual Studio Solution File, Format Version 12.00
# Visual Studio Version 16
VisualStudioVersion = 16.0.30503.244
MinimumVisualStudioVersion = 10.0.40219.1
Project("{FAE04EC0-301F-11D3-BF4B-00C04F79EFBC}") = "Atividade6Correção", "Atividade6Correção\Atividade6Correção.csproj", "{89F7BA6C-5AD3-4117-81E2-577B43DE10D3}"
EndProject
Global
	GlobalSection(SolutionConfigurationPlatforms) = preSolution
		Debug|Any CPU = Debug|Any CPU
		Release|Any CPU = Release|Any CPU
	EndGlobalSection
	GlobalSection(ProjectConfigurationPlatforms) = postSolution
		{89F7BA6C-5AD3-4117-81E2-577B43DE10D3}.Debug|Any CPU.ActiveCfg = Debug|Any CPU
		{89F7BA6C-5AD3-4117-81E2-577B43DE10D3}.Debug|Any CPU.Build.0 = Debug|Any CPU
		{89F7BA6C-5AD3-4117-81E2-577B43DE10D3}.Release|Any CPU.ActiveCfg = Release|Any CPU
		{89F7BA6C-5AD3-4117-81E2-577B43DE10D3}.Release|Any CPU.Build.0 = Release|Any CPU
	EndGlobalSection
	GlobalSection(SolutionProperties) = preSolution
		HideSolutionNode = FALSE
	EndGlobalSection
	GlobalSection(ExtensibilityGlobals) = postSolution
		SolutionGuid = {157B3FA2-4831-4415-A35A-5D553E35E36B}
	EndGlobalSection
EndGlobal
